
Microsoft Visual Studio Solution File, Format Version 12.00
# Visual Studio Version 16
VisualStudioVersion = 16.0.29613.14
MinimumVisualStudioVersion = 10.0.40219.1
Project("{9A19103F-16F7-4668-BE54-9A1E7A4F7556}") = "eShopWeb", "eShopWeb\eShopWeb.csproj", "{CA5B730B-7195-4E29-B030-A2007E004B98}"
EndProject
Project("{E53339B2-1760-4266-BCC7-CA923CBCF16C}") = "docker-compose", "docker-compose.dcproj", "{91CD7B6E-A849-48C1-B058-4BC47C4CD978}"
EndProject
Project("{9A19103F-16F7-4668-BE54-9A1E7A4F7556}") = "crudapi", "crudapi\crudapi.csproj", "{C898496C-0445-40B2-8965-C96D4E0003D3}"
EndProject
Global
	GlobalSection(SolutionConfigurationPlatforms) = preSolution
		Debug|Any CPU = Debug|Any CPU
		Debug|x64 = Debug|x64
		Debug|x86 = Debug|x86
		Release|Any CPU = Release|Any CPU
		Release|x64 = Release|x64
		Release|x86 = Release|x86
	EndGlobalSection
	GlobalSection(ProjectConfigurationPlatforms) = postSolution
		{CA5B730B-7195-4E29-B030-A2007E004B98}.Debug|Any CPU.ActiveCfg = Debug|Any CPU
		{CA5B730B-7195-4E29-B030-A2007E004B98}.Debug|Any CPU.Build.0 = Debug|Any CPU
		{CA5B730B-7195-4E29-B030-A2007E004B98}.Debug|x64.ActiveCfg = Debug|Any CPU
		{CA5B730B-7195-4E29-B030-A2007E004B98}.Debug|x64.Build.0 = Debug|Any CPU
		{CA5B730B-7195-4E29-B030-A2007E004B98}.Debug|x86.ActiveCfg = Debug|Any CPU
		{CA5B730B-7195-4E29-B030-A2007E004B98}.Debug|x86.Build.0 = Debug|Any CPU
		{CA5B730B-7195-4E29-B030-A2007E004B98}.Release|Any CPU.ActiveCfg = Release|Any CPU
		{CA5B730B-7195-4E29-B030-A2007E004B98}.Release|Any CPU.Build.0 = Release|Any CPU
		{CA5B730B-7195-4E29-B030-A2007E004B98}.Release|x64.ActiveCfg = Release|Any CPU
		{CA5B730B-7195-4E29-B030-A2007E004B98}.Release|x64.Build.0 = Release|Any CPU
		{CA5B730B-7195-4E29-B030-A2007E004B98}.Release|x86.ActiveCfg = Release|Any CPU
		{CA5B730B-7195-4E29-B030-A2007E004B98}.Release|x86.Build.0 = Release|Any CPU
		{91CD7B6E-A849-48C1-B058-4BC47C4CD978}.Debug|Any CPU.ActiveCfg = Debug|Any CPU
		{91CD7B6E-A849-48C1-B058-4BC47C4CD978}.Debug|Any CPU.Build.0 = Debug|Any CPU
		{91CD7B6E-A849-48C1-B058-4BC47C4CD978}.Debug|x64.ActiveCfg = Debug|Any CPU
		{91CD7B6E-A849-48C1-B058-4BC47C4CD978}.Debug|x64.Build.0 = Debug|Any CPU
		{91CD7B6E-A849-48C1-B058-4BC47C4CD978}.Debug|x86.ActiveCfg = Debug|Any CPU
		{91CD7B6E-A849-48C1-B058-4BC47C4CD978}.Debug|x86.Build.0 = Debug|Any CPU
		{91CD7B6E-A849-48C1-B058-4BC47C4CD978}.Release|Any CPU.ActiveCfg = Release|Any CPU
		{91CD7B6E-A849-48C1-B058-4BC47C4CD978}.Release|Any CPU.Build.0 = Release|Any CPU
		{91CD7B6E-A849-48C1-B058-4BC47C4CD978}.Release|x64.ActiveCfg = Release|Any CPU
		{91CD7B6E-A849-48C1-B058-4BC47C4CD978}.Release|x64.Build.0 = Release|Any CPU
		{91CD7B6E-A849-48C1-B058-4BC47C4CD978}.Release|x86.ActiveCfg = Release|Any CPU
		{91CD7B6E-A849-48C1-B058-4BC47C4CD978}.Release|x86.Build.0 = Release|Any CPU
		{C898496C-0445-40B2-8965-C96D4E0003D3}.Debug|Any CPU.ActiveCfg = Debug|Any CPU
		{C898496C-0445-40B2-8965-C96D4E0003D3}.Debug|Any CPU.Build.0 = Debug|Any CPU
		{C898496C-0445-40B2-8965-C96D4E0003D3}.Debug|x64.ActiveCfg = Debug|Any CPU
		{C898496C-0445-40B2-8965-C96D4E0003D3}.Debug|x64.Build.0 = Debug|Any CPU
		{C898496C-0445-40B2-8965-C96D4E0003D3}.Debug|x86.ActiveCfg = Debug|Any CPU
		{C898496C-0445-40B2-8965-C96D4E0003D3}.Debug|x86.Build.0 = Debug|Any CPU
		{C898496C-0445-40B2-8965-C96D4E0003D3}.Release|Any CPU.ActiveCfg = Release|Any CPU
		{C898496C-0445-40B2-8965-C96D4E0003D3}.Release|Any CPU.Build.0 = Release|Any CPU
		{C898496C-0445-40B2-8965-C96D4E0003D3}.Release|x64.ActiveCfg = Release|Any CPU
		{C898496C-0445-40B2-8965-C96D4E0003D3}.Release|x64.Build.0 = Release|Any CPU
		{C898496C-0445-40B2-8965-C96D4E0003D3}.Release|x86.ActiveCfg = Release|Any CPU
		{C898496C-0445-40B2-8965-C96D4E0003D3}.Release|x86.Build.0 = Release|Any CPU
	EndGlobalSection
	GlobalSection(SolutionProperties) = preSolution
		HideSolutionNode = FALSE
	EndGlobalSection
	GlobalSection(ExtensibilityGlobals) = postSolution
		SolutionGuid = {2833B998-32C7-4092-AF0C-C28B7437BA0A}
	EndGlobalSection
EndGlobal
